
Microsoft Visual Studio Solution File, Format Version 12.00
# Visual Studio 2013
VisualStudioVersion = 12.0.31101.0
MinimumVisualStudioVersion = 10.0.40219.1
Project("{FAE04EC0-301F-11D3-BF4B-00C04F79EFBC}") = "GiocoDellOca", "GiocoDellOca\GiocoDellOca.csproj", "{99FF8E99-A719-46B2-A4EB-513CB1520088}"
EndProject
Project("{FAE04EC0-301F-11D3-BF4B-00C04F79EFBC}") = "GiocoDellOca.Test", "GiocoDellOca.Test\GiocoDellOca.Test.csproj", "{EAFB6471-92EA-43AA-BAB7-1DAA4B452994}"
EndProject
Global
	GlobalSection(SolutionConfigurationPlatforms) = preSolution
		Debug|Any CPU = Debug|Any CPU
		Release|Any CPU = Release|Any CPU
	EndGlobalSection
	GlobalSection(ProjectConfigurationPlatforms) = postSolution
		{99FF8E99-A719-46B2-A4EB-513CB1520088}.Debug|Any CPU.ActiveCfg = Debug|Any CPU
		{99FF8E99-A719-46B2-A4EB-513CB1520088}.Debug|Any CPU.Build.0 = Debug|Any CPU
		{99FF8E99-A719-46B2-A4EB-513CB1520088}.Release|Any CPU.ActiveCfg = Release|Any CPU
		{99FF8E99-A719-46B2-A4EB-513CB1520088}.Release|Any CPU.Build.0 = Release|Any CPU
		{EAFB6471-92EA-43AA-BAB7-1DAA4B452994}.Debug|Any CPU.ActiveCfg = Debug|Any CPU
		{EAFB6471-92EA-43AA-BAB7-1DAA4B452994}.Debug|Any CPU.Build.0 = Debug|Any CPU
		{EAFB6471-92EA-43AA-BAB7-1DAA4B452994}.Release|Any CPU.ActiveCfg = Release|Any CPU
		{EAFB6471-92EA-43AA-BAB7-1DAA4B452994}.Release|Any CPU.Build.0 = Release|Any CPU
	EndGlobalSection
	GlobalSection(SolutionProperties) = preSolution
		HideSolutionNode = FALSE
	EndGlobalSection
EndGlobal
